
Microsoft Visual Studio Solution File, Format Version 12.00
# Visual Studio 14
VisualStudioVersion = 14.0.25420.1
MinimumVisualStudioVersion = 10.0.40219.1
Project("{8BC9CEB8-8B4A-11D0-8D11-00A0C91BC942}") = "01_Color", "01_Color.vcxproj", "{2197C576-52A3-4663-9026-4D0D620F27BE}"
EndProject
Project("{8BC9CEB8-8B4A-11D0-8D11-00A0C91BC942}") = "02_Texture", "02_Texture.vcxproj", "{1B892A2E-BA71-42AB-B867-2D3628493DCE}"
EndProject
Project("{8BC9CEB8-8B4A-11D0-8D11-00A0C91BC942}") = "03_UniformBuffer", "03_UniformBuffer.vcxproj", "{1E464C76-C68F-4B48-99E8-A2FE849CCFD1}"
EndProject
Project("{8BC9CEB8-8B4A-11D0-8D11-00A0C91BC942}") = "04_SimpleCompute", "04_SimpleCompute.vcxproj", "{3C76B0E4-7C4B-4605-BAE7-5E8C12BDEBB9}"
EndProject
Project("{8BC9CEB8-8B4A-11D0-8D11-00A0C91BC942}") = "05_StructuredBuffer", "05_StructuredBuffer.vcxproj", "{5ACED170-669B-48DB-827B-CEFE5DFE418D}"
EndProject
Project("{8BC9CEB8-8B4A-11D0-8D11-00A0C91BC942}") = "06_AppendConsume", "06_AppendConsume.vcxproj", "{F5CA5A7E-F4C0-479E-89C6-F54D53C5F71C}"
EndProject
Global
	GlobalSection(SolutionConfigurationPlatforms) = preSolution
		DebugDx|x64 = DebugDx|x64
		DebugVk|x64 = DebugVk|x64
		ReleaseDx|x64 = ReleaseDx|x64
		ReleaseVk|x64 = ReleaseVk|x64
	EndGlobalSection
	GlobalSection(ProjectConfigurationPlatforms) = postSolution
		{2197C576-52A3-4663-9026-4D0D620F27BE}.DebugDx|x64.ActiveCfg = DebugDx|x64
		{2197C576-52A3-4663-9026-4D0D620F27BE}.DebugDx|x64.Build.0 = DebugDx|x64
		{2197C576-52A3-4663-9026-4D0D620F27BE}.DebugVk|x64.ActiveCfg = DebugVk|x64
		{2197C576-52A3-4663-9026-4D0D620F27BE}.DebugVk|x64.Build.0 = DebugVk|x64
		{2197C576-52A3-4663-9026-4D0D620F27BE}.ReleaseDx|x64.ActiveCfg = ReleaseDx|x64
		{2197C576-52A3-4663-9026-4D0D620F27BE}.ReleaseDx|x64.Build.0 = ReleaseDx|x64
		{2197C576-52A3-4663-9026-4D0D620F27BE}.ReleaseVk|x64.ActiveCfg = ReleaseVk|x64
		{2197C576-52A3-4663-9026-4D0D620F27BE}.ReleaseVk|x64.Build.0 = ReleaseVk|x64
		{1B892A2E-BA71-42AB-B867-2D3628493DCE}.DebugDx|x64.ActiveCfg = DebugDx|x64
		{1B892A2E-BA71-42AB-B867-2D3628493DCE}.DebugDx|x64.Build.0 = DebugDx|x64
		{1B892A2E-BA71-42AB-B867-2D3628493DCE}.DebugVk|x64.ActiveCfg = DebugVk|x64
		{1B892A2E-BA71-42AB-B867-2D3628493DCE}.DebugVk|x64.Build.0 = DebugVk|x64
		{1B892A2E-BA71-42AB-B867-2D3628493DCE}.ReleaseDx|x64.ActiveCfg = ReleaseDx|x64
		{1B892A2E-BA71-42AB-B867-2D3628493DCE}.ReleaseDx|x64.Build.0 = ReleaseDx|x64
		{1B892A2E-BA71-42AB-B867-2D3628493DCE}.ReleaseVk|x64.ActiveCfg = ReleaseVk|x64
		{1B892A2E-BA71-42AB-B867-2D3628493DCE}.ReleaseVk|x64.Build.0 = ReleaseVk|x64
		{1E464C76-C68F-4B48-99E8-A2FE849CCFD1}.DebugDx|x64.ActiveCfg = DebugDx|x64
		{1E464C76-C68F-4B48-99E8-A2FE849CCFD1}.DebugDx|x64.Build.0 = DebugDx|x64
		{1E464C76-C68F-4B48-99E8-A2FE849CCFD1}.DebugVk|x64.ActiveCfg = DebugVk|x64
		{1E464C76-C68F-4B48-99E8-A2FE849CCFD1}.DebugVk|x64.Build.0 = DebugVk|x64
		{1E464C76-C68F-4B48-99E8-A2FE849CCFD1}.ReleaseDx|x64.ActiveCfg = ReleaseDx|x64
		{1E464C76-C68F-4B48-99E8-A2FE849CCFD1}.ReleaseDx|x64.Build.0 = ReleaseDx|x64
		{1E464C76-C68F-4B48-99E8-A2FE849CCFD1}.ReleaseVk|x64.ActiveCfg = ReleaseVk|x64
		{1E464C76-C68F-4B48-99E8-A2FE849CCFD1}.ReleaseVk|x64.Build.0 = ReleaseVk|x64
		{3C76B0E4-7C4B-4605-BAE7-5E8C12BDEBB9}.DebugDx|x64.ActiveCfg = DebugDx|x64
		{3C76B0E4-7C4B-4605-BAE7-5E8C12BDEBB9}.DebugDx|x64.Build.0 = DebugDx|x64
		{3C76B0E4-7C4B-4605-BAE7-5E8C12BDEBB9}.DebugVk|x64.ActiveCfg = DebugVk|x64
		{3C76B0E4-7C4B-4605-BAE7-5E8C12BDEBB9}.DebugVk|x64.Build.0 = DebugVk|x64
		{3C76B0E4-7C4B-4605-BAE7-5E8C12BDEBB9}.ReleaseDx|x64.ActiveCfg = ReleaseDx|x64
		{3C76B0E4-7C4B-4605-BAE7-5E8C12BDEBB9}.ReleaseDx|x64.Build.0 = ReleaseDx|x64
		{3C76B0E4-7C4B-4605-BAE7-5E8C12BDEBB9}.ReleaseVk|x64.ActiveCfg = ReleaseVk|x64
		{3C76B0E4-7C4B-4605-BAE7-5E8C12BDEBB9}.ReleaseVk|x64.Build.0 = ReleaseVk|x64
		{5ACED170-669B-48DB-827B-CEFE5DFE418D}.DebugDx|x64.ActiveCfg = DebugDx|x64
		{5ACED170-669B-48DB-827B-CEFE5DFE418D}.DebugDx|x64.Build.0 = DebugDx|x64
		{5ACED170-669B-48DB-827B-CEFE5DFE418D}.DebugVk|x64.ActiveCfg = DebugVk|x64
		{5ACED170-669B-48DB-827B-CEFE5DFE418D}.DebugVk|x64.Build.0 = DebugVk|x64
		{5ACED170-669B-48DB-827B-CEFE5DFE418D}.ReleaseDx|x64.ActiveCfg = ReleaseDx|x64
		{5ACED170-669B-48DB-827B-CEFE5DFE418D}.ReleaseDx|x64.Build.0 = ReleaseDx|x64
		{5ACED170-669B-48DB-827B-CEFE5DFE418D}.ReleaseVk|x64.ActiveCfg = ReleaseVk|x64
		{5ACED170-669B-48DB-827B-CEFE5DFE418D}.ReleaseVk|x64.Build.0 = ReleaseVk|x64
		{F5CA5A7E-F4C0-479E-89C6-F54D53C5F71C}.DebugDx|x64.ActiveCfg = DebugDx|x64
		{F5CA5A7E-F4C0-479E-89C6-F54D53C5F71C}.DebugDx|x64.Build.0 = DebugDx|x64
		{F5CA5A7E-F4C0-479E-89C6-F54D53C5F71C}.DebugVk|x64.ActiveCfg = DebugVk|x64
		{F5CA5A7E-F4C0-479E-89C6-F54D53C5F71C}.DebugVk|x64.Build.0 = DebugVk|x64
		{F5CA5A7E-F4C0-479E-89C6-F54D53C5F71C}.ReleaseDx|x64.ActiveCfg = ReleaseDx|x64
		{F5CA5A7E-F4C0-479E-89C6-F54D53C5F71C}.ReleaseDx|x64.Build.0 = ReleaseDx|x64
		{F5CA5A7E-F4C0-479E-89C6-F54D53C5F71C}.ReleaseVk|x64.ActiveCfg = ReleaseVk|x64
		{F5CA5A7E-F4C0-479E-89C6-F54D53C5F71C}.ReleaseVk|x64.Build.0 = ReleaseVk|x64
	EndGlobalSection
	GlobalSection(SolutionProperties) = preSolution
		HideSolutionNode = FALSE
	EndGlobalSection
EndGlobal
